
Microsoft Visual Studio Solution File, Format Version 12.00
# Visual Studio Version 17
VisualStudioVersion = 17.0.32126.317
MinimumVisualStudioVersion = 10.0.40219.1
Project("{9A19103F-16F7-4668-BE54-9A1E7A4F7556}") = "M11Assignment", "M11Assignment\M11Assignment.csproj", "{F92B730F-CF55-44F1-AACB-8A240CC2239E}"
EndProject
Global
	GlobalSection(SolutionConfigurationPlatforms) = preSolution
		Debug|Any CPU = Debug|Any CPU
		Release|Any CPU = Release|Any CPU
	EndGlobalSection
	GlobalSection(ProjectConfigurationPlatforms) = postSolution
		{F92B730F-CF55-44F1-AACB-8A240CC2239E}.Debug|Any CPU.ActiveCfg = Debug|Any CPU
		{F92B730F-CF55-44F1-AACB-8A240CC2239E}.Debug|Any CPU.Build.0 = Debug|Any CPU
		{F92B730F-CF55-44F1-AACB-8A240CC2239E}.Release|Any CPU.ActiveCfg = Release|Any CPU
		{F92B730F-CF55-44F1-AACB-8A240CC2239E}.Release|Any CPU.Build.0 = Release|Any CPU
	EndGlobalSection
	GlobalSection(SolutionProperties) = preSolution
		HideSolutionNode = FALSE
	EndGlobalSection
	GlobalSection(ExtensibilityGlobals) = postSolution
		SolutionGuid = {F14E7E2D-F99D-4157-81F8-D7B40B6BB92B}
	EndGlobalSection
EndGlobal
