
Microsoft Visual Studio Solution File, Format Version 12.00
# Visual Studio Version 17
VisualStudioVersion = 17.0.32126.317
MinimumVisualStudioVersion = 10.0.40219.1
Project("{FAE04EC0-301F-11D3-BF4B-00C04F79EFBC}") = "M12Assignment", "M12Assignment\M12Assignment.csproj", "{7E8A4037-54A2-4CCF-8057-9688448BDCC8}"
EndProject
Global
	GlobalSection(SolutionConfigurationPlatforms) = preSolution
		Debug|Any CPU = Debug|Any CPU
		Release|Any CPU = Release|Any CPU
	EndGlobalSection
	GlobalSection(ProjectConfigurationPlatforms) = postSolution
		{7E8A4037-54A2-4CCF-8057-9688448BDCC8}.Debug|Any CPU.ActiveCfg = Debug|Any CPU
		{7E8A4037-54A2-4CCF-8057-9688448BDCC8}.Debug|Any CPU.Build.0 = Debug|Any CPU
		{7E8A4037-54A2-4CCF-8057-9688448BDCC8}.Release|Any CPU.ActiveCfg = Release|Any CPU
		{7E8A4037-54A2-4CCF-8057-9688448BDCC8}.Release|Any CPU.Build.0 = Release|Any CPU
	EndGlobalSection
	GlobalSection(SolutionProperties) = preSolution
		HideSolutionNode = FALSE
	EndGlobalSection
	GlobalSection(ExtensibilityGlobals) = postSolution
		SolutionGuid = {ABFB52C6-C5F9-4D13-9802-F874B83059B5}
	EndGlobalSection
EndGlobal
