
Microsoft Visual Studio Solution File, Format Version 12.00
# Visual Studio Version 17
VisualStudioVersion = 17.0.32126.317
MinimumVisualStudioVersion = 10.0.40219.1
Project("{9A19103F-16F7-4668-BE54-9A1E7A4F7556}") = "M10Assignment", "M10Assignment.csproj", "{8C846AFC-3CB1-446D-920A-62B8BE8E9560}"
EndProject
Global
	GlobalSection(SolutionConfigurationPlatforms) = preSolution
		Debug|Any CPU = Debug|Any CPU
		Release|Any CPU = Release|Any CPU
	EndGlobalSection
	GlobalSection(ProjectConfigurationPlatforms) = postSolution
		{8C846AFC-3CB1-446D-920A-62B8BE8E9560}.Debug|Any CPU.ActiveCfg = Debug|Any CPU
		{8C846AFC-3CB1-446D-920A-62B8BE8E9560}.Debug|Any CPU.Build.0 = Debug|Any CPU
		{8C846AFC-3CB1-446D-920A-62B8BE8E9560}.Release|Any CPU.ActiveCfg = Release|Any CPU
		{8C846AFC-3CB1-446D-920A-62B8BE8E9560}.Release|Any CPU.Build.0 = Release|Any CPU
	EndGlobalSection
	GlobalSection(SolutionProperties) = preSolution
		HideSolutionNode = FALSE
	EndGlobalSection
	GlobalSection(ExtensibilityGlobals) = postSolution
		SolutionGuid = {496154CB-5871-4C8E-BFF2-66A4A3535028}
	EndGlobalSection
EndGlobal
